lockfileVersion: '9.0'

settings:
  autoInstallPeers: true
  excludeLinksFromLockfile: false

importers:

  .:
    devDependencies:
      '@types/node':
        specifier: ^25.0.0
        version: 25.3.4

packages:

  '@types/node@25.3.4':
    resolution: {integrity: sha512-NB1qVMIPsjfYtrY+9cCTj2VqLBh/TIDmsZXtmM2Xsn+W2yMlkA9Q1Okpr9W3f1fyGgvelw8ojumDsv8Vc0xufQ==}

  undici-types@7.18.2:
    resolution: {integrity: sha512-AsuCzffGHJybSaRrmr5eHr81mwJU3kjw6M+uprWvCXiNeN9SOGwQ3Jn8jb8m3Z6izVgknn1R0FTCEAP2QrLY/w==}

snapshots:

  '@types/node@25.3.4':
    dependencies:
      undici-types: 7.18.2

  undici-types@7.18.2: {}
